
Microsoft Visual Studio Solution File, Format Version 12.00
# Visual Studio Version 16
VisualStudioVersion = 16.0.31424.327
MinimumVisualStudioVersion = 10.0.40219.1
Project("{9A19103F-16F7-4668-BE54-9A1E7A4F7556}") = "BlazingShop.Server", "BlazingShop\Server\BlazingShop.Server.csproj", "{48884A71-54D3-4DE9-A203-EED48C2EEF53}"
EndProject
Project("{9A19103F-16F7-4668-BE54-9A1E7A4F7556}") = "BlazingShop.Client", "BlazingShop\Client\BlazingShop.Client.csproj", "{10527C18-8121-4589-9D24-9AF566DD8901}"
EndProject
Project("{9A19103F-16F7-4668-BE54-9A1E7A4F7556}") = "BlazingShop.Shared", "BlazingShop\Shared\BlazingShop.Shared.csproj", "{F76CE73F-BB70-45C1-9710-6AEE9D236097}"
EndProject
Global
	GlobalSection(SolutionConfigurationPlatforms) = preSolution
		Debug|Any CPU = Debug|Any CPU
		Release|Any CPU = Release|Any CPU
	EndGlobalSection
	GlobalSection(ProjectConfigurationPlatforms) = postSolution
		{48884A71-54D3-4DE9-A203-EED48C2EEF53}.Debug|Any CPU.ActiveCfg = Debug|Any CPU
		{48884A71-54D3-4DE9-A203-EED48C2EEF53}.Debug|Any CPU.Build.0 = Debug|Any CPU
		{48884A71-54D3-4DE9-A203-EED48C2EEF53}.Release|Any CPU.ActiveCfg = Release|Any CPU
		{48884A71-54D3-4DE9-A203-EED48C2EEF53}.Release|Any CPU.Build.0 = Release|Any CPU
		{10527C18-8121-4589-9D24-9AF566DD8901}.Debug|Any CPU.ActiveCfg = Debug|Any CPU
		{10527C18-8121-4589-9D24-9AF566DD8901}.Debug|Any CPU.Build.0 = Debug|Any CPU
		{10527C18-8121-4589-9D24-9AF566DD8901}.Release|Any CPU.ActiveCfg = Release|Any CPU
		{10527C18-8121-4589-9D24-9AF566DD8901}.Release|Any CPU.Build.0 = Release|Any CPU
		{F76CE73F-BB70-45C1-9710-6AEE9D236097}.Debug|Any CPU.ActiveCfg = Debug|Any CPU
		{F76CE73F-BB70-45C1-9710-6AEE9D236097}.Debug|Any CPU.Build.0 = Debug|Any CPU
		{F76CE73F-BB70-45C1-9710-6AEE9D236097}.Release|Any CPU.ActiveCfg = Release|Any CPU
		{F76CE73F-BB70-45C1-9710-6AEE9D236097}.Release|Any CPU.Build.0 = Release|Any CPU
	EndGlobalSection
	GlobalSection(SolutionProperties) = preSolution
		HideSolutionNode = FALSE
	EndGlobalSection
	GlobalSection(ExtensibilityGlobals) = postSolution
		SolutionGuid = {D755D5C4-D23C-4148-8BAB-BA1A896623A7}
	EndGlobalSection
EndGlobal
